
Microsoft Visual Studio Solution File, Format Version 12.00
# Visual Studio Version 17
VisualStudioVersion = 17.14.36310.24
MinimumVisualStudioVersion = 10.0.40219.1
Project("{FAE04EC0-301F-11D3-BF4B-00C04F79EFBC}") = "BYDS7_2_plc_mst", "BYDS7_2\BYDS7_2_plc_mst.csproj", "{92B56ACB-D182-4A04-B863-F643456C796F}"
EndProject
Global
	GlobalSection(SolutionConfigurationPlatforms) = preSolution
		Debug|Any CPU = Debug|Any CPU
		Release|Any CPU = Release|Any CPU
	EndGlobalSection
	GlobalSection(ProjectConfigurationPlatforms) = postSolution
		{92B56ACB-D182-4A04-B863-F643456C796F}.Debug|Any CPU.ActiveCfg = Debug|Any CPU
		{92B56ACB-D182-4A04-B863-F643456C796F}.Debug|Any CPU.Build.0 = Debug|Any CPU
		{92B56ACB-D182-4A04-B863-F643456C796F}.Release|Any CPU.ActiveCfg = Release|Any CPU
		{92B56ACB-D182-4A04-B863-F643456C796F}.Release|Any CPU.Build.0 = Release|Any CPU
	EndGlobalSection
	GlobalSection(SolutionProperties) = preSolution
		HideSolutionNode = FALSE
	EndGlobalSection
	GlobalSection(ExtensibilityGlobals) = postSolution
		SolutionGuid = {C8720105-F99F-4A58-931C-68F7A0E0EC25}
	EndGlobalSection
EndGlobal
